// !$*UTF8*$!
{
	archiveVersion = 1;
	classes = {
	};
	objectVersion = 56;
	objects = {

/* Begin PBXBuildFile section */
		1D3F387E28F7F81900496228 /* DetailView.swift in Sources */ = {isa = PBXBuildFile; fileRef = 1D3F387D28F7F81900496228 /* DetailView.swift */; };
		1D3F388028F7FC3D00496228 /* CardView.swift in Sources */ = {isa = PBXBuildFile; fileRef = 1D3F387F28F7FC3D00496228 /* CardView.swift */; };
		1D3F388228F7FCC500496228 /* HomeView.swift in Sources */ = {isa = PBXBuildFile; fileRef = 1D3F388128F7FCC500496228 /* HomeView.swift */; };
		1D7B3B4C28FEBF3600B76A46 /* LoginView.swift in Sources */ = {isa = PBXBuildFile; fileRef = 1D7B3B4B28FEBF3600B76A46 /* LoginView.swift */; };
		1DAE9DCB28F9480300662364 /* Card Data.swift in Sources */ = {isa = PBXBuildFile; fileRef = 1DAE9DCA28F9480300662364 /* Card Data.swift */; };
		1DBE686328F71DE3008394B7 /* MyFirstAppWithSwiftApp.swift in Sources */ = {isa = PBXBuildFile; fileRef = 1DBE686228F71DE3008394B7 /* MyFirstAppWithSwiftApp.swift */; };
		1DBE686528F71DE3008394B7 /* ContentView.swift in Sources */ = {isa = PBXBuildFile; fileRef = 1DBE686428F71DE3008394B7 /* ContentView.swift */; };
		1DBE686728F71DE5008394B7 /* Assets.xcassets in Resources */ = {isa = PBXBuildFile; fileRef = 1DBE686628F71DE5008394B7 /* Assets.xcassets */; };
		1DBE686A28F71DE5008394B7 /* Preview Assets.xcassets in Resources */ = {isa = PBXBuildFile; fileRef = 1DBE686928F71DE5008394B7 /* Preview Assets.xcassets */; };
		1DDA0A0628F8217200161616 /* ListView.swift in Sources */ = {isa = PBXBuildFile; fileRef = 1DDA0A0528F8217200161616 /* ListView.swift */; };
/* End PBXBuildFile section */

/* Begin PBXFileReference section */
		1D3F387D28F7F81900496228 /* DetailView.swift */ = {isa = PBXFileReference; lastKnownFileType = sourcecode.swift; path = DetailView.swift; sourceTree = "<group>"; };
		1D3F387F28F7FC3D00496228 /* CardView.swift */ = {isa = PBXFileReference; lastKnownFileType = sourcecode.swift; path = CardView.swift; sourceTree = "<group>"; };
		1D3F388128F7FCC500496228 /* HomeView.swift */ = {isa = PBXFileReference; lastKnownFileType = sourcecode.swift; path = HomeView.swift; sourceTree = "<group>"; };
		1D7B3B4B28FEBF3600B76A46 /* LoginView.swift */ = {isa = PBXFileReference; lastKnownFileType = sourcecode.swift; path = LoginView.swift; sourceTree = "<group>"; };
		1DAE9DCA28F9480300662364 /* Card Data.swift */ = {isa = PBXFileReference; lastKnownFileType = sourcecode.swift; path = "Card Data.swift"; sourceTree = "<group>"; };
		1DBE685F28F71DE3008394B7 /* MyFirstAppWithSwift.app */ = {isa = PBXFileReference; explicitFileType = wrapper.application; includeInIndex = 0; path = MyFirstAppWithSwift.app; sourceTree = BUILT_PRODUCTS_DIR; };
		1DBE686228F71DE3008394B7 /* MyFirstAppWithSwiftApp.swift */ = {isa = PBXFileReference; lastKnownFileType = sourcecode.swift; path = MyFirstAppWithSwiftApp.swift; sourceTree = "<group>"; };
		1DBE686428F71DE3008394B7 /* ContentView.swift */ = {isa = PBXFileReference; lastKnownFileType = sourcecode.swift; path = ContentView.swift; sourceTree = "<group>"; };
		1DBE686628F71DE5008394B7 /* Assets.xcassets */ = {isa = PBXFileReference; lastKnownFileType = folder.assetcatalog; path = Assets.xcassets; sourceTree = "<group>"; };
		1DBE686928F71DE5008394B7 /* Preview Assets.xcassets */ = {isa = PBXFileReference; lastKnownFileType = folder.assetcatalog; path = "Preview Assets.xcassets"; sourceTree = "<group>"; };
		1DDA0A0528F8217200161616 /* ListView.swift */ = {isa = PBXFileReference; lastKnownFileType = sourcecode.swift; path = ListView.swift; sourceTree = "<group>"; };
/* End PBXFileReference section */

/* Begin PBXFrameworksBuildPhase section */
		1DBE685C28F71DE3008394B7 /* Frameworks */ = {
			isa = PBXFrameworksBuildPhase;
			buildActionMask = 2147483647;
			files = (
			);
			runOnlyForDeploymentPostprocessing = 0;
		};
/* End PBXFrameworksBuildPhase section */

/* Begin PBXGroup section */
		1DAE9DC728F9477C00662364 /* Navigation */ = {
			isa = PBXGroup;
			children = (
				1DBE686428F71DE3008394B7 /* ContentView.swift */,
			);
			path = Navigation;
			sourceTree = "<group>";
		};
		1DAE9DC828F9479D00662364 /* Views */ = {
			isa = PBXGroup;
			children = (
				1DDA0A0528F8217200161616 /* ListView.swift */,
				1D3F388128F7FCC500496228 /* HomeView.swift */,
				1D3F387D28F7F81900496228 /* DetailView.swift */,
				1D7B3B4B28FEBF3600B76A46 /* LoginView.swift */,
			);
			path = Views;
			sourceTree = "<group>";
		};
		1DAE9DC928F947C500662364 /* Components */ = {
			isa = PBXGroup;
			children = (
				1D3F387F28F7FC3D00496228 /* CardView.swift */,
			);
			path = Components;
			sourceTree = "<group>";
		};
		1DAF541428FD4B9C00281C6A /* Model */ = {
			isa = PBXGroup;
			children = (
				1DAE9DCA28F9480300662364 /* Card Data.swift */,
			);
			path = Model;
			sourceTree = "<group>";
		};
		1DBE685628F71DE3008394B7 = {
			isa = PBXGroup;
			children = (
				1DBE686128F71DE3008394B7 /* MyFirstAppWithSwift */,
				1DBE686028F71DE3008394B7 /* Products */,
			);
			sourceTree = "<group>";
		};
		1DBE686028F71DE3008394B7 /* Products */ = {
			isa = PBXGroup;
			children = (
				1DBE685F28F71DE3008394B7 /* MyFirstAppWithSwift.app */,
			);
			name = Products;
			sourceTree = "<group>";
		};
		1DBE686128F71DE3008394B7 /* MyFirstAppWithSwift */ = {
			isa = PBXGroup;
			children = (
				1DBE686228F71DE3008394B7 /* MyFirstAppWithSwiftApp.swift */,
				1DAF541428FD4B9C00281C6A /* Model */,
				1DAE9DC828F9479D00662364 /* Views */,
				1DAE9DC928F947C500662364 /* Components */,
				1DAE9DC728F9477C00662364 /* Navigation */,
				1DBE686628F71DE5008394B7 /* Assets.xcassets */,
				1DBE686828F71DE5008394B7 /* Preview Content */,
			);
			path = MyFirstAppWithSwift;
			sourceTree = "<group>";
		};
		1DBE686828F71DE5008394B7 /* Preview Content */ = {
			isa = PBXGroup;
			children = (
				1DBE686928F71DE5008394B7 /* Preview Assets.xcassets */,
			);
			path = "Preview Content";
			sourceTree = "<group>";
		};
/* End PBXGroup section */

/* Begin PBXNativeTarget section */
		1DBE685E28F71DE3008394B7 /* MyFirstAppWithSwift */ = {
			isa = PBXNativeTarget;
			buildConfigurationList = 1DBE686D28F71DE5008394B7 /* Build configuration list for PBXNativeTarget "MyFirstAppWithSwift" */;
			buildPhases = (
				1DBE685B28F71DE3008394B7 /* Sources */,
				1DBE685C28F71DE3008394B7 /* Frameworks */,
				1DBE685D28F71DE3008394B7 /* Resources */,
			);
			buildRules = (
			);
			dependencies = (
			);
			name = MyFirstAppWithSwift;
			productName = MyFirstAppWithSwift;
			productReference = 1DBE685F28F71DE3008394B7 /* MyFirstAppWithSwift.app */;
			productType = "com.apple.product-type.application";
		};
/* End PBXNativeTarget section */

/* Begin PBXProject section */
		1DBE685728F71DE3008394B7 /* Project object */ = {
			isa = PBXProject;
			attributes = {
				BuildIndependentTargetsInParallel = 1;
				LastSwiftUpdateCheck = 1400;
				LastUpgradeCheck = 1400;
				TargetAttributes = {
					1DBE685E28F71DE3008394B7 = {
						CreatedOnToolsVersion = 14.0.1;
					};
				};
			};
			buildConfigurationList = 1DBE685A28F71DE3008394B7 /* Build configuration list for PBXProject "MyFirstAppWithSwift" */;
			compatibilityVersion = "Xcode 14.0";
			developmentRegion = en;
			hasScannedForEncodings = 0;
			knownRegions = (
				en,
				Base,
			);
			mainGroup = 1DBE685628F71DE3008394B7;
			productRefGroup = 1DBE686028F71DE3008394B7 /* Products */;
			projectDirPath = "";
			projectRoot = "";
			targets = (
				1DBE685E28F71DE3008394B7 /* MyFirstAppWithSwift */,
			);
		};
/* End PBXProject section */

/* Begin PBXResourcesBuildPhase section */
		1DBE685D28F71DE3008394B7 /* Resources */ = {
			isa = PBXResourcesBuildPhase;
			buildActionMask = 2147483647;
			files = (
				1DBE686A28F71DE5008394B7 /* Preview Assets.xcassets in Resources */,
				1DBE686728F71DE5008394B7 /* Assets.xcassets in Resources */,
			);
			runOnlyForDeploymentPostprocessing = 0;
		};
/* End PBXResourcesBuildPhase section */

/* Begin PBXSourcesBuildPhase section */
		1DBE685B28F71DE3008394B7 /* Sources */ = {
			isa = PBXSourcesBuildPhase;
			buildActionMask = 2147483647;
			files = (
				1DBE686528F71DE3008394B7 /* ContentView.swift in Sources */,
				1D3F387E28F7F81900496228 /* DetailView.swift in Sources */,
				1DDA0A0628F8217200161616 /* ListView.swift in Sources */,
				1D3F388028F7FC3D00496228 /* CardView.swift in Sources */,
				1D3F388228F7FCC500496228 /* HomeView.swift in Sources */,
				1DBE686328F71DE3008394B7 /* MyFirstAppWithSwiftApp.swift in Sources */,
				1D7B3B4C28FEBF3600B76A46 /* LoginView.swift in Sources */,
				1DAE9DCB28F9480300662364 /* Card Data.swift in Sources */,
			);
			runOnlyForDeploymentPostprocessing = 0;
		};
/* End PBXSourcesBuildPhase section */

/* Begin XCBuildConfiguration section */
		1DBE686B28F71DE5008394B7 /* Debug */ = {
			isa = XCBuildConfiguration;
			buildSettings = {
				ALWAYS_SEARCH_USER_PATHS = NO;
				CLANG_ANALYZER_NONNULL = YES;
				CLANG_ANALYZER_NUMBER_OBJECT_CONVERSION = YES_AGGRESSIVE;
				CLANG_CXX_LANGUAGE_STANDARD = "gnu++20";
				CLANG_ENABLE_MODULES = YES;
				CLANG_ENABLE_OBJC_ARC = YES;
				CLANG_ENABLE_OBJC_WEAK = YES;
				CLANG_WARN_BLOCK_CAPTURE_AUTORELEASING = YES;
				CLANG_WARN_BOOL_CONVERSION = YES;
				CLANG_WARN_COMMA = YES;
				CLANG_WARN_CONSTANT_CONVERSION = YES;
				CLANG_WARN_DEPRECATED_OBJC_IMPLEMENTATIONS = YES;
				CLANG_WARN_DIRECT_OBJC_ISA_USAGE = YES_ERROR;
				CLANG_WARN_DOCUMENTATION_COMMENTS = YES;
				CLANG_WARN_EMPTY_BODY = YES;
				CLANG_WARN_ENUM_CONVERSION = YES;
				CLANG_WARN_INFINITE_RECURSION = YES;
				CLANG_WARN_INT_CONVERSION = YES;
				CLANG_WARN_NON_LITERAL_NULL_CONVERSION = YES;
				CLANG_WARN_OBJC_IMPLICIT_RETAIN_SELF = YES;
				CLANG_WARN_OBJC_LITERAL_CONVERSION = YES;
				CLANG_WARN_OBJC_ROOT_CLASS = YES_ERROR;
				CLANG_WARN_QUOTED_INCLUDE_IN_FRAMEWORK_HEADER = YES;
				CLANG_WARN_RANGE_LOOP_ANALYSIS = YES;
				CLANG_WARN_STRICT_PROTOTYPES = YES;
				CLANG_WARN_SUSPICIOUS_MOVE = YES;
				CLANG_WARN_UNGUARDED_AVAILABILITY = YES_AGGRESSIVE;
				CLANG_WARN_UNREACHABLE_CODE = YES;
				CLANG_WARN__DUPLICATE_METHOD_MATCH = YES;
				COPY_PHASE_STRIP = NO;
				DEBUG_INFORMATION_FORMAT = dwarf;
				ENABLE_STRICT_OBJC_MSGSEND = YES;
				ENABLE_TESTABILITY = YES;
				GCC_C_LANGUAGE_STANDARD = gnu11;
				GCC_DYNAMIC_NO_PIC = NO;
				GCC_NO_COMMON_BLOCKS = YES;
				GCC_OPTIMIZATION_LEVEL = 0;
				GCC_PREPROCESSOR_DEFINITIONS = (
					"DEBUG=1",
					"$(inherited)",
				);
				GCC_WARN_64_TO_32_BIT_CONVERSION = YES;
				GCC_WARN_ABOUT_RETURN_TYPE = YES_ERROR;
				GCC_WARN_UNDECLARED_SELECTOR = YES;
				GCC_WARN_UNINITIALIZED_AUTOS = YES_AGGRESSIVE;
				GCC_WARN_UNUSED_FUNCTION = YES;
				GCC_WARN_UNUSED_VARIABLE = YES;
				IPHONEOS_DEPLOYMENT_TARGET = 16.0;
				MTL_ENABLE_DEBUG_INFO = INCLUDE_SOURCE;
				MTL_FAST_MATH = YES;
				ONLY_ACTIVE_ARCH = YES;
				SDKROOT = iphoneos;
				SWIFT_ACTIVE_COMPILATION_CONDITIONS = DEBUG;
				SWIFT_OPTIMIZATION_LEVEL = "-Onone";
			};
			name = Debug;
		};
		1DBE686C28F71DE5008394B7 /* Release */ = {
			isa = XCBuildConfiguration;
			buildSettings = {
				ALWAYS_SEARCH_USER_PATHS = NO;
				CLANG_ANALYZER_NONNULL = YES;
				CLANG_ANALYZER_NUMBER_OBJECT_CONVERSION = YES_AGGRESSIVE;
				CLANG_CXX_LANGUAGE_STANDARD = "gnu++20";
				CLANG_ENABLE_MODULES = YES;
				CLANG_ENABLE_OBJC_ARC = YES;
				CLANG_ENABLE_OBJC_WEAK = YES;
				CLANG_WARN_BLOCK_CAPTURE_AUTORELEASING = YES;
				CLANG_WARN_BOOL_CONVERSION = YES;
				CLANG_WARN_COMMA = YES;
				CLANG_WARN_CONSTANT_CONVERSION = YES;
				CLANG_WARN_DEPRECATED_OBJC_IMPLEMENTATIONS = YES;
				CLANG_WARN_DIRECT_OBJC_ISA_USAGE = YES_ERROR;
				CLANG_WARN_DOCUMENTATION_COMMENTS = YES;
				CLANG_WARN_EMPTY_BODY = YES;
				CLANG_WARN_ENUM_CONVERSION = YES;
				CLANG_WARN_INFINITE_RECURSION = YES;
				CLANG_WARN_INT_CONVERSION = YES;
				CLANG_WARN_NON_LITERAL_NULL_CONVERSION = YES;
				CLANG_WARN_OBJC_IMPLICIT_RETAIN_SELF = YES;
				CLANG_WARN_OBJC_LITERAL_CONVERSION = YES;
				CLANG_WARN_OBJC_ROOT_CLASS = YES_ERROR;
				CLANG_WARN_QUOTED_INCLUDE_IN_FRAMEWORK_HEADER = YES;
				CLANG_WARN_RANGE_LOOP_ANALYSIS = YES;
				CLANG_WARN_STRICT_PROTOTYPES = YES;
				CLANG_WARN_SUSPICIOUS_MOVE = YES;
				CLANG_WARN_UNGUARDED_AVAILABILITY = YES_AGGRESSIVE;
				CLANG_WARN_UNREACHABLE_CODE = YES;
				CLANG_WARN__DUPLICATE_METHOD_MATCH = YES;
				COPY_PHASE_STRIP = NO;
				DEBUG_INFORMATION_FORMAT = "dwarf-with-dsym";
				ENABLE_NS_ASSERTIONS = NO;
				ENABLE_STRICT_OBJC_MSGSEND = YES;
				GCC_C_LANGUAGE_STANDARD = gnu11;
				GCC_NO_COMMON_BLOCKS = YES;
				GCC_WARN_64_TO_32_BIT_CONVERSION = YES;
				GCC_WARN_ABOUT_RETURN_TYPE = YES_ERROR;
				GCC_WARN_UNDECLARED_SELECTOR = YES;
				GCC_WARN_UNINITIALIZED_AUTOS = YES_AGGRESSIVE;
				GCC_WARN_UNUSED_FUNCTION = YES;
				GCC_WARN_UNUSED_VARIABLE = YES;
				IPHONEOS_DEPLOYMENT_TARGET = 16.0;
				MTL_ENABLE_DEBUG_INFO = NO;
				MTL_FAST_MATH = YES;
				SDKROOT = iphoneos;
				SWIFT_COMPILATION_MODE = wholemodule;
				SWIFT_OPTIMIZATION_LEVEL = "-O";
				VALIDATE_PRODUCT = YES;
			};
			name = Release;
		};
		1DBE686E28F71DE5008394B7 /* Debug */ = {
			isa = XCBuildConfiguration;
			buildSettings = {
				ASSETCATALOG_COMPILER_APPICON_NAME = AppIcon;
				ASSETCATALOG_COMPILER_GLOBAL_ACCENT_COLOR_NAME = AccentColor;
				CODE_SIGN_STYLE = Automatic;
				CURRENT_PROJECT_VERSION = 1;
				DEVELOPMENT_ASSET_PATHS = "\"MyFirstAppWithSwift/Preview Content\"";
				DEVELOPMENT_TEAM = 2C5MAMP3KQ;
				ENABLE_PREVIEWS = YES;
				GENERATE_INFOPLIST_FILE = YES;
				INFOPLIST_KEY_UIApplicationSceneManifest_Generation = YES;
				INFOPLIST_KEY_UIApplicationSupportsIndirectInputEvents = YES;
				INFOPLIST_KEY_UILaunchScreen_Generation = YES;
				INFOPLIST_KEY_UISupportedInterfaceOrientations_iPad = "UIInterfaceOrientationPortrait UIInterfaceOrientationPortraitUpsideDown UIInterfaceOrientationLandscapeLeft UIInterfaceOrientationLandscapeRight";
				INFOPLIST_KEY_UISupportedInterfaceOrientations_iPhone = "UIInterfaceOrientationPortrait UIInterfaceOrientationLandscapeLeft UIInterfaceOrientationLandscapeRight";
				LD_RUNPATH_SEARCH_PATHS = (
					"$(inherited)",
					"@executable_path/Frameworks",
				);
				MARKETING_VERSION = 1.0;
				PRODUCT_BUNDLE_IDENTIFIER = io.ravyaryo.github.MyFirstAppWithSwift;
				PRODUCT_NAME = "$(TARGET_NAME)";
				SWIFT_EMIT_LOC_STRINGS = YES;
				SWIFT_VERSION = 5.0;
				TARGETED_DEVICE_FAMILY = "1,2";
			};
			name = Debug;
		};
		1DBE686F28F71DE5008394B7 /* Release */ = {
			isa = XCBuildConfiguration;
			buildSettings = {
				ASSETCATALOG_COMPILER_APPICON_NAME = AppIcon;
				ASSETCATALOG_COMPILER_GLOBAL_ACCENT_COLOR_NAME = AccentColor;
				CODE_SIGN_STYLE = Automatic;
				CURRENT_PROJECT_VERSION = 1;
				DEVELOPMENT_ASSET_PATHS = "\"MyFirstAppWithSwift/Preview Content\"";
				DEVELOPMENT_TEAM = 2C5MAMP3KQ;
				ENABLE_PREVIEWS = YES;
				GENERATE_INFOPLIST_FILE = YES;
				INFOPLIST_KEY_UIApplicationSceneManifest_Generation = YES;
				INFOPLIST_KEY_UIApplicationSupportsIndirectInputEvents = YES;
				INFOPLIST_KEY_UILaunchScreen_Generation = YES;
				INFOPLIST_KEY_UISupportedInterfaceOrientations_iPad = "UIInterfaceOrientationPortrait UIInterfaceOrientationPortraitUpsideDown UIInterfaceOrientationLandscapeLeft UIInterfaceOrientationLandscapeRight";
				INFOPLIST_KEY_UISupportedInterfaceOrientations_iPhone = "UIInterfaceOrientationPortrait UIInterfaceOrientationLandscapeLeft UIInterfaceOrientationLandscapeRight";
				LD_RUNPATH_SEARCH_PATHS = (
					"$(inherited)",
					"@executable_path/Frameworks",
				);
				MARKETING_VERSION = 1.0;
				PRODUCT_BUNDLE_IDENTIFIER = io.ravyaryo.github.MyFirstAppWithSwift;
				PRODUCT_NAME = "$(TARGET_NAME)";
				SWIFT_EMIT_LOC_STRINGS = YES;
				SWIFT_VERSION = 5.0;
				TARGETED_DEVICE_FAMILY = "1,2";
			};
			name = Release;
		};
/* End XCBuildConfiguration section */

/* Begin XCConfigurationList section */
		1DBE685A28F71DE3008394B7 /* Build configuration list for PBXProject "MyFirstAppWithSwift" */ = {
			isa = XCConfigurationList;
			buildConfigurations = (
				1DBE686B28F71DE5008394B7 /* Debug */,
				1DBE686C28F71DE5008394B7 /* Release */,
			);
			defaultConfigurationIsVisible = 0;
			defaultConfigurationName = Release;
		};
		1DBE686D28F71DE5008394B7 /* Build configuration list for PBXNativeTarget "MyFirstAppWithSwift" */ = {
			isa = XCConfigurationList;
			buildConfigurations = (
				1DBE686E28F71DE5008394B7 /* Debug */,
				1DBE686F28F71DE5008394B7 /* Release */,
			);
			defaultConfigurationIsVisible = 0;
			defaultConfigurationName = Release;
		};
/* End XCConfigurationList section */
	};
	rootObject = 1DBE685728F71DE3008394B7 /* Project object */;
}
